<?xml version="1.0" encoding="UTF-8"?>
<Scheme
   LastUpgradeVersion = "0510"
   version = "1.3">
   <BuildAction
      parallelizeBuildables = "YES"
      buildImplicitDependencies = "YES">
      <BuildActionEntries>
         <BuildActionEntry
            buildForTesting = "YES"
            buildForRunning = "YES"
            buildForProfiling = "YES"
            buildForArchiving = "YES"
            buildForAnalyzing = "YES">
            <BuildableReference
               BuildableIdentifier = "primary"
               BlueprintIdentifier = "E0034E3D19AA8651009F0BD0"
               BuildableName = "OpenSCAD.app"
               BlueprintName = "OpenSCAD.app"
               ReferencedContainer = "container:OpenSCAD.xcodeproj">
            </BuildableReference>
         </BuildActionEntry>
      </BuildActionEntries>
   </BuildAction>
   <TestAction
      buildConfiguration = "Debug"
      selectedDebuggerIdentifier = "Xcode.DebuggerFoundation.Debugger.LLDB"
      selectedLauncherIdentifier = "Xcode.DebuggerFoundation.Launcher.LLDB"
      shouldUseLaunchSchemeArgsEnv = "YES">
      <Testables>
      </Testables>
      <MacroExpansion>
         <BuildableReference
            BuildableIdentifier = "primary"
            BlueprintIdentifier = "E0034E3D19AA8651009F0BD0"
            BuildableName = "OpenSCAD.app"
            BlueprintName = "OpenSCAD.app"
            ReferencedContainer = "container:OpenSCAD.xcodeproj">
         </BuildableReference>
      </MacroExpansion>
      <AdditionalOptions>
      </AdditionalOptions>
   </TestAction>
   <LaunchAction
      buildConfiguration = "Debug"
      selectedDebuggerIdentifier = "Xcode.DebuggerFoundation.Debugger.LLDB"
      selectedLauncherIdentifier = "Xcode.DebuggerFoundation.Launcher.LLDB"
      launchStyle = "0"
      useCustomWorkingDirectory = "YES"
      customWorkingDirectory = "$(PROJECT_DIR)/.."
      ignoresPersistentStateOnLaunch = "NO"
      debugDocumentVersioning = "YES"
      debugServiceExtension = "internal"
      allowLocationSimulation = "YES">
      <BuildableProductRunnable
         runnableDebuggingMode = "0">
         <BuildableReference
            BuildableIdentifier = "primary"
            BlueprintIdentifier = "E0034E3D19AA8651009F0BD0"
            BuildableName = "OpenSCAD.app"
            BlueprintName = "OpenSCAD.app"
            ReferencedContainer = "container:OpenSCAD.xcodeproj">
         </BuildableReference>
      </BuildableProductRunnable>
      <CommandLineArguments>
         <CommandLineArgument
            argument = "/Users/kintel/code/OpenSCAD/statistics-scripts/unpacked/130629/Customizable_Stone_Turret/turret.scad -o out.png"
            isEnabled = "NO">
         </CommandLineArgument>
         <CommandLineArgument
            argument = " testdata/scad/misc/bad-stl-tardis.scad -o out.off --render=cgal"
            isEnabled = "NO">
         </CommandLineArgument>
         <CommandLineArgument
            argument = "testdata/scad/3D/issues/issue1061.scad -o out.png"
            isEnabled = "NO">
         </CommandLineArgument>
         <CommandLineArgument
            argument = "testdata/scad/3D/issues/minkowski-thin-cylinder.scad -o out.png"
            isEnabled = "NO">
         </CommandLineArgument>
         <CommandLineArgument
            argument = "testdata/scad/misc/allmodules.scad"
            isEnabled = "NO">
         </CommandLineArgument>
         <CommandLineArgument
            argument = "non-manifold2.scad -o non-manifold2.stl --debug=GeometryUtils"
            isEnabled = "NO">
         </CommandLineArgument>
         <CommandLineArgument
            argument = "issue925.scad -o out.stl --debug=GeometryUtils"
            isEnabled = "NO">
         </CommandLineArgument>
         <CommandLineArgument
            argument = "testdata/scad/bugs/issue1225.scad -o out.stl --debug=export"
            isEnabled = "NO">
         </CommandLineArgument>
         <CommandLineArgument
            argument = "testdata/scad/misc/bad-stl-wing.scad -o out.stl --render=cgal --debug=GeometryUtils"
            isEnabled = "NO">
         </CommandLineArgument>
         <CommandLineArgument
            argument = "testdata/scad/misc/bad-stl-wing.scad -o out.off"
            isEnabled = "NO">
         </CommandLineArgument>
         <CommandLineArgument
            argument = "testdata/scad/2D/features/text-font-tests.scad "
            isEnabled = "NO">
         </CommandLineArgument>
      </CommandLineArguments>
      <AdditionalOptions>
      </AdditionalOptions>
   </LaunchAction>
   <ProfileAction
      buildConfiguration = "Release"
      shouldUseLaunchSchemeArgsEnv = "YES"
      savedToolIdentifier = ""
      useCustomWorkingDirectory = "NO"
      debugDocumentVersioning = "YES">
      <BuildableProductRunnable
         runnableDebuggingMode = "0">
         <BuildableReference
            BuildableIdentifier = "primary"
            BlueprintIdentifier = "E0034E3D19AA8651009F0BD0"
            BuildableName = "OpenSCAD.app"
            BlueprintName = "OpenSCAD.app"
            ReferencedContainer = "container:OpenSCAD.xcodeproj">
         </BuildableReference>
      </BuildableProductRunnable>
   </ProfileAction>
   <AnalyzeAction
      buildConfiguration = "Debug">
   </AnalyzeAction>
   <ArchiveAction
      buildConfiguration = "Release"
      revealArchiveInOrganizer = "YES">
   </ArchiveAction>
</Scheme>
