<?xml version="1.0" encoding="UTF-8"?>
<Scheme
   LastUpgradeVersion = "0510"
   version = "1.3">
   <BuildAction
      parallelizeBuildables = "YES"
      buildImplicitDependencies = "YES">
      <BuildActionEntries>
         <BuildActionEntry
            buildForTesting = "YES"
            buildForRunning = "YES"
            buildForProfiling = "YES"
            buildForArchiving = "YES"
            buildForAnalyzing = "YES">
            <BuildableReference
               BuildableIdentifier = "primary"
               BlueprintIdentifier = "E0034E3D19AA8651009F0BD0"
               BuildableName = "OpenSCAD.app"
               BlueprintName = "OpenSCAD.app"
               ReferencedContainer = "container:OpenSCAD.xcodeproj">
            </BuildableReference>
         </BuildActionEntry>
      </BuildActionEntries>
   </BuildAction>
   <TestAction
      selectedDebuggerIdentifier = "Xcode.DebuggerFoundation.Debugger.LLDB"
      selectedLauncherIdentifier = "Xcode.DebuggerFoundation.Launcher.LLDB"
      shouldUseLaunchSchemeArgsEnv = "YES"
      buildConfiguration = "Debug">
      <Testables>
      </Testables>
      <MacroExpansion>
         <BuildableReference
            BuildableIdentifier = "primary"
            BlueprintIdentifier = "E0034E3D19AA8651009F0BD0"
            BuildableName = "OpenSCAD.app"
            BlueprintName = "OpenSCAD.app"
            ReferencedContainer = "container:OpenSCAD.xcodeproj">
         </BuildableReference>
      </MacroExpansion>
   </TestAction>
   <LaunchAction
      selectedDebuggerIdentifier = "Xcode.DebuggerFoundation.Debugger.LLDB"
      selectedLauncherIdentifier = "Xcode.DebuggerFoundation.Launcher.LLDB"
      launchStyle = "0"
      useCustomWorkingDirectory = "YES"
      customWorkingDirectory = "$(PROJECT_DIR)/.."
      buildConfiguration = "Debug"
      ignoresPersistentStateOnLaunch = "NO"
      debugDocumentVersioning = "YES"
      allowLocationSimulation = "YES">
      <BuildableProductRunnable>
         <BuildableReference
            BuildableIdentifier = "primary"
            BlueprintIdentifier = "E0034E3D19AA8651009F0BD0"
            BuildableName = "OpenSCAD.app"
            BlueprintName = "OpenSCAD.app"
            ReferencedContainer = "container:OpenSCAD.xcodeproj">
         </BuildableReference>
      </BuildableProductRunnable>
      <CommandLineArguments>
         <CommandLineArgument
            argument = "minkowskitest.scad -o out.png --debug=cgalutils"
            isEnabled = "NO">
         </CommandLineArgument>
         <CommandLineArgument
            argument = "import-hullcrash_off.scad -o out.png --debug=cgalutils"
            isEnabled = "NO">
         </CommandLineArgument>
         <CommandLineArgument
            argument = "issue1090.scad -o out.png --render"
            isEnabled = "NO">
         </CommandLineArgument>
         <CommandLineArgument
            argument = "issue1105C.scad -o out.stl"
            isEnabled = "YES">
         </CommandLineArgument>
         <CommandLineArgument
            argument = "degenerate.scad -o out.png --debug=cgalutils --render=cgal"
            isEnabled = "NO">
         </CommandLineArgument>
         <CommandLineArgument
            argument = "import-out.scad"
            isEnabled = "NO">
         </CommandLineArgument>
         <CommandLineArgument
            argument = "issue1069.scad -o out.png --debug=cgalutils"
            isEnabled = "NO">
         </CommandLineArgument>
         <CommandLineArgument
            argument = "testdata/scad/3D/features/cube-tests.scad -o out.png --preview"
            isEnabled = "NO">
         </CommandLineArgument>
         <CommandLineArgument
            argument = "issue803-performance.scad"
            isEnabled = "NO">
         </CommandLineArgument>
      </CommandLineArguments>
      <AdditionalOptions>
      </AdditionalOptions>
   </LaunchAction>
   <ProfileAction
      shouldUseLaunchSchemeArgsEnv = "YES"
      savedToolIdentifier = ""
      useCustomWorkingDirectory = "NO"
      buildConfiguration = "Release"
      debugDocumentVersioning = "YES">
      <BuildableProductRunnable>
         <BuildableReference
            BuildableIdentifier = "primary"
            BlueprintIdentifier = "E0034E3D19AA8651009F0BD0"
            BuildableName = "OpenSCAD.app"
            BlueprintName = "OpenSCAD.app"
            ReferencedContainer = "container:OpenSCAD.xcodeproj">
         </BuildableReference>
      </BuildableProductRunnable>
   </ProfileAction>
   <AnalyzeAction
      buildConfiguration = "Debug">
   </AnalyzeAction>
   <ArchiveAction
      buildConfiguration = "Release"
      revealArchiveInOrganizer = "YES">
   </ArchiveAction>
</Scheme>
